{
  "name": "@gscottqueen/stylesheets",
  "version": "0.0.1",
  "lockfileVersion": 2,
  "requires": true,
  "packages": {
    "": {
      "name": "@gscottqueen/stylesheets",
      "version": "0.0.1",
      "license": "ISC",
      "dependencies": {
        "sass-true": "^6.0.1"
      },
      "devDependencies": {
        "@types/jest": "26.0.20"
      }
    },
    "node_modules/@jest/types": {
      "version": "26.6.2",
      "resolved": "https://registry.npmjs.org/@jest/types/-/types-26.6.2.tgz",
      "integrity": "sha512-fC6QCp7Sc5sX6g8Tvbmj4XUTbyrik0akgRy03yjXbQaBWWNWGE7SGtJk98m0N8nzegD/7SggrUlivxo5ax4KWQ==",
      "dev": true,
      "dependencies": {
        "@types/istanbul-lib-coverage": "^2.0.0",
        "@types/istanbul-reports": "^3.0.0",
        "@types/node": "*",
        "@types/yargs": "^15.0.0",
        "chalk": "^4.0.0"
      },
      "engines": {
        "node": ">= 10.14.2"
      }
    },
    "node_modules/@types/istanbul-lib-coverage": {
      "version": "2.0.4",
      "resolved": "https://registry.npmjs.org/@types/istanbul-lib-coverage/-/istanbul-lib-coverage-2.0.4.tgz",
      "integrity": "sha512-z/QT1XN4K4KYuslS23k62yDIDLwLFkzxOuMplDtObz0+y7VqJCaO2o+SPwHCvLFZh7xazvvoor2tA/hPz9ee7g==",
      "dev": true
    },
    "node_modules/@types/istanbul-lib-report": {
      "version": "3.0.0",
      "resolved": "https://registry.npmjs.org/@types/istanbul-lib-report/-/istanbul-lib-report-3.0.0.tgz",
      "integrity": "sha512-plGgXAPfVKFoYfa9NpYDAkseG+g6Jr294RqeqcqDixSbU34MZVJRi/P+7Y8GDpzkEwLaGZZOpKIEmeVZNtKsrg==",
      "dev": true,
      "dependencies": {
        "@types/istanbul-lib-coverage": "*"
      }
    },
    "node_modules/@types/istanbul-reports": {
      "version": "3.0.1",
      "resolved": "https://registry.npmjs.org/@types/istanbul-reports/-/istanbul-reports-3.0.1.tgz",
      "integrity": "sha512-c3mAZEuK0lvBp8tmuL74XRKn1+y2dcwOUpH7x4WrF6gk1GIgiluDRgMYQtw2OFcBvAJWlt6ASU3tSqxp0Uu0Aw==",
      "dev": true,
      "dependencies": {
        "@types/istanbul-lib-report": "*"
      }
    },
    "node_modules/@types/jest": {
      "version": "26.0.20",
      "resolved": "https://registry.npmjs.org/@types/jest/-/jest-26.0.20.tgz",
      "integrity": "sha512-9zi2Y+5USJRxd0FsahERhBwlcvFh6D2GLQnY2FH2BzK8J9s9omvNHIbvABwIluXa0fD8XVKMLTO0aOEuUfACAA==",
      "dev": true,
      "dependencies": {
        "jest-diff": "^26.0.0",
        "pretty-format": "^26.0.0"
      }
    },
    "node_modules/@types/node": {
      "version": "17.0.21",
      "resolved": "https://registry.npmjs.org/@types/node/-/node-17.0.21.tgz",
      "integrity": "sha512-DBZCJbhII3r90XbQxI8Y9IjjiiOGlZ0Hr32omXIZvwwZ7p4DMMXGrKXVyPfuoBOri9XNtL0UK69jYIBIsRX3QQ==",
      "dev": true
    },
    "node_modules/@types/yargs": {
      "version": "15.0.14",
      "resolved": "https://registry.npmjs.org/@types/yargs/-/yargs-15.0.14.tgz",
      "integrity": "sha512-yEJzHoxf6SyQGhBhIYGXQDSCkJjB6HohDShto7m8vaKg9Yp0Yn8+71J9eakh2bnPg6BfsH9PRMhiRTZnd4eXGQ==",
      "dev": true,
      "dependencies": {
        "@types/yargs-parser": "*"
      }
    },
    "node_modules/@types/yargs-parser": {
      "version": "20.2.1",
      "resolved": "https://registry.npmjs.org/@types/yargs-parser/-/yargs-parser-20.2.1.tgz",
      "integrity": "sha512-7tFImggNeNBVMsn0vLrpn1H1uPrUBdnARPTpZoitY37ZrdJREzf7I16tMrlK3hen349gr1NYh8CmZQa7CTG6Aw==",
      "dev": true
    },
    "node_modules/ansi-regex": {
      "version": "5.0.1",
      "resolved": "https://registry.npmjs.org/ansi-regex/-/ansi-regex-5.0.1.tgz",
      "integrity": "sha512-quJQXlTSUGL2LH9SUXo8VwsY4soanhgo6LNSm84E1LBcE8s3O0wpdiRzyR9z/ZZJMlMWv37qOOb9pdJlMUEKFQ==",
      "dev": true,
      "engines": {
        "node": ">=8"
      }
    },
    "node_modules/ansi-styles": {
      "version": "4.3.0",
      "resolved": "https://registry.npmjs.org/ansi-styles/-/ansi-styles-4.3.0.tgz",
      "integrity": "sha512-zbB9rCJAT1rbjiVDb2hqKFHNYLxgtk8NURxZ3IZwD3F6NtxbXZQCnnSi1Lkx+IDohdPlFp222wVALIheZJQSEg==",
      "dependencies": {
        "color-convert": "^2.0.1"
      },
      "engines": {
        "node": ">=8"
      },
      "funding": {
        "url": "https://github.com/chalk/ansi-styles?sponsor=1"
      }
    },
    "node_modules/atob": {
      "version": "2.1.2",
      "resolved": "https://registry.npmjs.org/atob/-/atob-2.1.2.tgz",
      "integrity": "sha512-Wm6ukoaOGJi/73p/cl2GvLjTI5JM1k/O14isD73YML8StrH/7/lRFgmg8nICZgD3bZZvjwCGxtMOD3wWNAu8cg==",
      "bin": {
        "atob": "bin/atob.js"
      },
      "engines": {
        "node": ">= 4.5.0"
      }
    },
    "node_modules/chalk": {
      "version": "4.1.2",
      "resolved": "https://registry.npmjs.org/chalk/-/chalk-4.1.2.tgz",
      "integrity": "sha512-oKnbhFyRIXpUuez8iBMmyEa4nbj4IOQyuhc/wy9kY7/WVPcwIO9VA668Pu8RkO7+0G76SLROeyw9CpQ061i4mA==",
      "dependencies": {
        "ansi-styles": "^4.1.0",
        "supports-color": "^7.1.0"
      },
      "engines": {
        "node": ">=10"
      },
      "funding": {
        "url": "https://github.com/chalk/chalk?sponsor=1"
      }
    },
    "node_modules/color-convert": {
      "version": "2.0.1",
      "resolved": "https://registry.npmjs.org/color-convert/-/color-convert-2.0.1.tgz",
      "integrity": "sha512-RRECPsj7iu/xb5oKYcsFHSppFNnsj/52OVTRKb4zP5onXwVF3zVmmToNcOfGC+CRDpfK/U584fMg38ZHCaElKQ==",
      "dependencies": {
        "color-name": "~1.1.4"
      },
      "engines": {
        "node": ">=7.0.0"
      }
    },
    "node_modules/color-name": {
      "version": "1.1.4",
      "resolved": "https://registry.npmjs.org/color-name/-/color-name-1.1.4.tgz",
      "integrity": "sha512-dOy+3AuW3a2wNbZHIuMZpTcgjGuLU/uBL/ubcZF9OXbDo8ff4O8yVp5Bf0efS8uEoYo5q4Fx7dY9OgQGXgAsQA=="
    },
    "node_modules/css": {
      "version": "3.0.0",
      "resolved": "https://registry.npmjs.org/css/-/css-3.0.0.tgz",
      "integrity": "sha512-DG9pFfwOrzc+hawpmqX/dHYHJG+Bsdb0klhyi1sDneOgGOXy9wQIC8hzyVp1e4NRYDBdxcylvywPkkXCHAzTyQ==",
      "dependencies": {
        "inherits": "^2.0.4",
        "source-map": "^0.6.1",
        "source-map-resolve": "^0.6.0"
      }
    },
    "node_modules/decode-uri-component": {
      "version": "0.2.0",
      "resolved": "https://registry.npmjs.org/decode-uri-component/-/decode-uri-component-0.2.0.tgz",
      "integrity": "sha1-6zkTMzRYd1y4TNGh+uBiEGu4dUU=",
      "engines": {
        "node": ">=0.10"
      }
    },
    "node_modules/diff-sequences": {
      "version": "26.6.2",
      "resolved": "https://registry.npmjs.org/diff-sequences/-/diff-sequences-26.6.2.tgz",
      "integrity": "sha512-Mv/TDa3nZ9sbc5soK+OoA74BsS3mL37yixCvUAQkiuA4Wz6YtwP/K47n2rv2ovzHZvoiQeA5FTQOschKkEwB0Q==",
      "dev": true,
      "engines": {
        "node": ">= 10.14.2"
      }
    },
    "node_modules/has-flag": {
      "version": "4.0.0",
      "resolved": "https://registry.npmjs.org/has-flag/-/has-flag-4.0.0.tgz",
      "integrity": "sha512-EykJT/Q1KjTWctppgIAgfSO0tKVuZUjhgMr17kqTumMl6Afv3EISleU7qZUzoXDFTAHTDC4NOoG/ZxU3EvlMPQ==",
      "engines": {
        "node": ">=8"
      }
    },
    "node_modules/inherits": {
      "version": "2.0.4",
      "resolved": "https://registry.npmjs.org/inherits/-/inherits-2.0.4.tgz",
      "integrity": "sha512-k/vGaX4/Yla3WzyMCvTQOXYeIHvqOKtnqBduzTHpzpQZzAskKMhZ2K+EnBiSM9zGSoIFeMpXKxa4dYeZIQqewQ=="
    },
    "node_modules/jest-diff": {
      "version": "26.6.2",
      "resolved": "https://registry.npmjs.org/jest-diff/-/jest-diff-26.6.2.tgz",
      "integrity": "sha512-6m+9Z3Gv9wN0WFVasqjCL/06+EFCMTqDEUl/b87HYK2rAPTyfz4ZIuSlPhY51PIQRWx5TaxeF1qmXKe9gfN3sA==",
      "dev": true,
      "dependencies": {
        "chalk": "^4.0.0",
        "diff-sequences": "^26.6.2",
        "jest-get-type": "^26.3.0",
        "pretty-format": "^26.6.2"
      },
      "engines": {
        "node": ">= 10.14.2"
      }
    },
    "node_modules/jest-get-type": {
      "version": "26.3.0",
      "resolved": "https://registry.npmjs.org/jest-get-type/-/jest-get-type-26.3.0.tgz",
      "integrity": "sha512-TpfaviN1R2pQWkIihlfEanwOXK0zcxrKEE4MlU6Tn7keoXdN6/3gK/xl0yEh8DOunn5pOVGKf8hB4R9gVh04ig==",
      "dev": true,
      "engines": {
        "node": ">= 10.14.2"
      }
    },
    "node_modules/lodash": {
      "version": "4.17.21",
      "resolved": "https://registry.npmjs.org/lodash/-/lodash-4.17.21.tgz",
      "integrity": "sha512-v2kDEe57lecTulaDIuNTPy3Ry4gLGJ6Z1O3vE1krgXZNrsQ+LFTGHVxVjcXPs17LhbZVGedAJv8XZ1tvj5FvSg=="
    },
    "node_modules/pretty-format": {
      "version": "26.6.2",
      "resolved": "https://registry.npmjs.org/pretty-format/-/pretty-format-26.6.2.tgz",
      "integrity": "sha512-7AeGuCYNGmycyQbCqd/3PWH4eOoX/OiCa0uphp57NVTeAGdJGaAliecxwBDHYQCIvrW7aDBZCYeNTP/WX69mkg==",
      "dev": true,
      "dependencies": {
        "@jest/types": "^26.6.2",
        "ansi-regex": "^5.0.0",
        "ansi-styles": "^4.0.0",
        "react-is": "^17.0.1"
      },
      "engines": {
        "node": ">= 10"
      }
    },
    "node_modules/react-is": {
      "version": "17.0.2",
      "resolved": "https://registry.npmjs.org/react-is/-/react-is-17.0.2.tgz",
      "integrity": "sha512-w2GsyukL62IJnlaff/nRegPQR94C/XXamvMWmSHRJ4y7Ts/4ocGRmTHvOs8PSE6pB3dWOrD/nueuU5sduBsQ4w==",
      "dev": true
    },
    "node_modules/sass-true": {
      "version": "6.0.1",
      "resolved": "https://registry.npmjs.org/sass-true/-/sass-true-6.0.1.tgz",
      "integrity": "sha512-Ow72fStIgw+qRRUc0r77emeWry06a3e1hXtadPEzDL/GFiEjtQKZel5fr+gu85zC8JYmLkZofMn6x9b/sq+wfg==",
      "dependencies": {
        "chalk": "^4.1.0",
        "css": "^3.0.0",
        "lodash": "^4.17.19"
      },
      "engines": {
        "node": ">=10"
      }
    },
    "node_modules/source-map": {
      "version": "0.6.1",
      "resolved": "https://registry.npmjs.org/source-map/-/source-map-0.6.1.tgz",
      "integrity": "sha512-UjgapumWlbMhkBgzT7Ykc5YXUT46F0iKu8SGXq0bcwP5dz/h0Plj6enJqjz1Zbq2l5WaqYnrVbwWOWMyF3F47g==",
      "engines": {
        "node": ">=0.10.0"
      }
    },
    "node_modules/source-map-resolve": {
      "version": "0.6.0",
      "resolved": "https://registry.npmjs.org/source-map-resolve/-/source-map-resolve-0.6.0.tgz",
      "integrity": "sha512-KXBr9d/fO/bWo97NXsPIAW1bFSBOuCnjbNTBMO7N59hsv5i9yzRDfcYwwt0l04+VqnKC+EwzvJZIP/qkuMgR/w==",
      "deprecated": "See https://github.com/lydell/source-map-resolve#deprecated",
      "dependencies": {
        "atob": "^2.1.2",
        "decode-uri-component": "^0.2.0"
      }
    },
    "node_modules/supports-color": {
      "version": "7.2.0",
      "resolved": "https://registry.npmjs.org/supports-color/-/supports-color-7.2.0.tgz",
      "integrity": "sha512-qpCAvRl9stuOHveKsn7HncJRvv501qIacKzQlO/+Lwxc9+0q2wLyv4Dfvt80/DPn2pqOBsJdDiogXGR9+OvwRw==",
      "dependencies": {
        "has-flag": "^4.0.0"
      },
      "engines": {
        "node": ">=8"
      }
    }
  },
  "dependencies": {
    "@jest/types": {
      "version": "26.6.2",
      "resolved": "https://registry.npmjs.org/@jest/types/-/types-26.6.2.tgz",
      "integrity": "sha512-fC6QCp7Sc5sX6g8Tvbmj4XUTbyrik0akgRy03yjXbQaBWWNWGE7SGtJk98m0N8nzegD/7SggrUlivxo5ax4KWQ==",
      "dev": true,
      "requires": {
        "@types/istanbul-lib-coverage": "^2.0.0",
        "@types/istanbul-reports": "^3.0.0",
        "@types/node": "*",
        "@types/yargs": "^15.0.0",
        "chalk": "^4.0.0"
      }
    },
    "@types/istanbul-lib-coverage": {
      "version": "2.0.4",
      "resolved": "https://registry.npmjs.org/@types/istanbul-lib-coverage/-/istanbul-lib-coverage-2.0.4.tgz",
      "integrity": "sha512-z/QT1XN4K4KYuslS23k62yDIDLwLFkzxOuMplDtObz0+y7VqJCaO2o+SPwHCvLFZh7xazvvoor2tA/hPz9ee7g==",
      "dev": true
    },
    "@types/istanbul-lib-report": {
      "version": "3.0.0",
      "resolved": "https://registry.npmjs.org/@types/istanbul-lib-report/-/istanbul-lib-report-3.0.0.tgz",
      "integrity": "sha512-plGgXAPfVKFoYfa9NpYDAkseG+g6Jr294RqeqcqDixSbU34MZVJRi/P+7Y8GDpzkEwLaGZZOpKIEmeVZNtKsrg==",
      "dev": true,
      "requires": {
        "@types/istanbul-lib-coverage": "*"
      }
    },
    "@types/istanbul-reports": {
      "version": "3.0.1",
      "resolved": "https://registry.npmjs.org/@types/istanbul-reports/-/istanbul-reports-3.0.1.tgz",
      "integrity": "sha512-c3mAZEuK0lvBp8tmuL74XRKn1+y2dcwOUpH7x4WrF6gk1GIgiluDRgMYQtw2OFcBvAJWlt6ASU3tSqxp0Uu0Aw==",
      "dev": true,
      "requires": {
        "@types/istanbul-lib-report": "*"
      }
    },
    "@types/jest": {
      "version": "26.0.20",
      "resolved": "https://registry.npmjs.org/@types/jest/-/jest-26.0.20.tgz",
      "integrity": "sha512-9zi2Y+5USJRxd0FsahERhBwlcvFh6D2GLQnY2FH2BzK8J9s9omvNHIbvABwIluXa0fD8XVKMLTO0aOEuUfACAA==",
      "dev": true,
      "requires": {
        "jest-diff": "^26.0.0",
        "pretty-format": "^26.0.0"
      }
    },
    "@types/node": {
      "version": "17.0.21",
      "resolved": "https://registry.npmjs.org/@types/node/-/node-17.0.21.tgz",
      "integrity": "sha512-DBZCJbhII3r90XbQxI8Y9IjjiiOGlZ0Hr32omXIZvwwZ7p4DMMXGrKXVyPfuoBOri9XNtL0UK69jYIBIsRX3QQ==",
      "dev": true
    },
    "@types/yargs": {
      "version": "15.0.14",
      "resolved": "https://registry.npmjs.org/@types/yargs/-/yargs-15.0.14.tgz",
      "integrity": "sha512-yEJzHoxf6SyQGhBhIYGXQDSCkJjB6HohDShto7m8vaKg9Yp0Yn8+71J9eakh2bnPg6BfsH9PRMhiRTZnd4eXGQ==",
      "dev": true,
      "requires": {
        "@types/yargs-parser": "*"
      }
    },
    "@types/yargs-parser": {
      "version": "20.2.1",
      "resolved": "https://registry.npmjs.org/@types/yargs-parser/-/yargs-parser-20.2.1.tgz",
      "integrity": "sha512-7tFImggNeNBVMsn0vLrpn1H1uPrUBdnARPTpZoitY37ZrdJREzf7I16tMrlK3hen349gr1NYh8CmZQa7CTG6Aw==",
      "dev": true
    },
    "ansi-regex": {
      "version": "5.0.1",
      "resolved": "https://registry.npmjs.org/ansi-regex/-/ansi-regex-5.0.1.tgz",
      "integrity": "sha512-quJQXlTSUGL2LH9SUXo8VwsY4soanhgo6LNSm84E1LBcE8s3O0wpdiRzyR9z/ZZJMlMWv37qOOb9pdJlMUEKFQ==",
      "dev": true
    },
    "ansi-styles": {
      "version": "4.3.0",
      "resolved": "https://registry.npmjs.org/ansi-styles/-/ansi-styles-4.3.0.tgz",
      "integrity": "sha512-zbB9rCJAT1rbjiVDb2hqKFHNYLxgtk8NURxZ3IZwD3F6NtxbXZQCnnSi1Lkx+IDohdPlFp222wVALIheZJQSEg==",
      "requires": {
        "color-convert": "^2.0.1"
      }
    },
    "atob": {
      "version": "2.1.2",
      "resolved": "https://registry.npmjs.org/atob/-/atob-2.1.2.tgz",
      "integrity": "sha512-Wm6ukoaOGJi/73p/cl2GvLjTI5JM1k/O14isD73YML8StrH/7/lRFgmg8nICZgD3bZZvjwCGxtMOD3wWNAu8cg=="
    },
    "chalk": {
      "version": "4.1.2",
      "resolved": "https://registry.npmjs.org/chalk/-/chalk-4.1.2.tgz",
      "integrity": "sha512-oKnbhFyRIXpUuez8iBMmyEa4nbj4IOQyuhc/wy9kY7/WVPcwIO9VA668Pu8RkO7+0G76SLROeyw9CpQ061i4mA==",
      "requires": {
        "ansi-styles": "^4.1.0",
        "supports-color": "^7.1.0"
      }
    },
    "color-convert": {
      "version": "2.0.1",
      "resolved": "https://registry.npmjs.org/color-convert/-/color-convert-2.0.1.tgz",
      "integrity": "sha512-RRECPsj7iu/xb5oKYcsFHSppFNnsj/52OVTRKb4zP5onXwVF3zVmmToNcOfGC+CRDpfK/U584fMg38ZHCaElKQ==",
      "requires": {
        "color-name": "~1.1.4"
      }
    },
    "color-name": {
      "version": "1.1.4",
      "resolved": "https://registry.npmjs.org/color-name/-/color-name-1.1.4.tgz",
      "integrity": "sha512-dOy+3AuW3a2wNbZHIuMZpTcgjGuLU/uBL/ubcZF9OXbDo8ff4O8yVp5Bf0efS8uEoYo5q4Fx7dY9OgQGXgAsQA=="
    },
    "css": {
      "version": "3.0.0",
      "resolved": "https://registry.npmjs.org/css/-/css-3.0.0.tgz",
      "integrity": "sha512-DG9pFfwOrzc+hawpmqX/dHYHJG+Bsdb0klhyi1sDneOgGOXy9wQIC8hzyVp1e4NRYDBdxcylvywPkkXCHAzTyQ==",
      "requires": {
        "inherits": "^2.0.4",
        "source-map": "^0.6.1",
        "source-map-resolve": "^0.6.0"
      }
    },
    "decode-uri-component": {
      "version": "0.2.0",
      "resolved": "https://registry.npmjs.org/decode-uri-component/-/decode-uri-component-0.2.0.tgz",
      "integrity": "sha1-6zkTMzRYd1y4TNGh+uBiEGu4dUU="
    },
    "diff-sequences": {
      "version": "26.6.2",
      "resolved": "https://registry.npmjs.org/diff-sequences/-/diff-sequences-26.6.2.tgz",
      "integrity": "sha512-Mv/TDa3nZ9sbc5soK+OoA74BsS3mL37yixCvUAQkiuA4Wz6YtwP/K47n2rv2ovzHZvoiQeA5FTQOschKkEwB0Q==",
      "dev": true
    },
    "has-flag": {
      "version": "4.0.0",
      "resolved": "https://registry.npmjs.org/has-flag/-/has-flag-4.0.0.tgz",
      "integrity": "sha512-EykJT/Q1KjTWctppgIAgfSO0tKVuZUjhgMr17kqTumMl6Afv3EISleU7qZUzoXDFTAHTDC4NOoG/ZxU3EvlMPQ=="
    },
    "inherits": {
      "version": "2.0.4",
      "resolved": "https://registry.npmjs.org/inherits/-/inherits-2.0.4.tgz",
      "integrity": "sha512-k/vGaX4/Yla3WzyMCvTQOXYeIHvqOKtnqBduzTHpzpQZzAskKMhZ2K+EnBiSM9zGSoIFeMpXKxa4dYeZIQqewQ=="
    },
    "jest-diff": {
      "version": "26.6.2",
      "resolved": "https://registry.npmjs.org/jest-diff/-/jest-diff-26.6.2.tgz",
      "integrity": "sha512-6m+9Z3Gv9wN0WFVasqjCL/06+EFCMTqDEUl/b87HYK2rAPTyfz4ZIuSlPhY51PIQRWx5TaxeF1qmXKe9gfN3sA==",
      "dev": true,
      "requires": {
        "chalk": "^4.0.0",
        "diff-sequences": "^26.6.2",
        "jest-get-type": "^26.3.0",
        "pretty-format": "^26.6.2"
      }
    },
    "jest-get-type": {
      "version": "26.3.0",
      "resolved": "https://registry.npmjs.org/jest-get-type/-/jest-get-type-26.3.0.tgz",
      "integrity": "sha512-TpfaviN1R2pQWkIihlfEanwOXK0zcxrKEE4MlU6Tn7keoXdN6/3gK/xl0yEh8DOunn5pOVGKf8hB4R9gVh04ig==",
      "dev": true
    },
    "lodash": {
      "version": "4.17.21",
      "resolved": "https://registry.npmjs.org/lodash/-/lodash-4.17.21.tgz",
      "integrity": "sha512-v2kDEe57lecTulaDIuNTPy3Ry4gLGJ6Z1O3vE1krgXZNrsQ+LFTGHVxVjcXPs17LhbZVGedAJv8XZ1tvj5FvSg=="
    },
    "pretty-format": {
      "version": "26.6.2",
      "resolved": "https://registry.npmjs.org/pretty-format/-/pretty-format-26.6.2.tgz",
      "integrity": "sha512-7AeGuCYNGmycyQbCqd/3PWH4eOoX/OiCa0uphp57NVTeAGdJGaAliecxwBDHYQCIvrW7aDBZCYeNTP/WX69mkg==",
      "dev": true,
      "requires": {
        "@jest/types": "^26.6.2",
        "ansi-regex": "^5.0.0",
        "ansi-styles": "^4.0.0",
        "react-is": "^17.0.1"
      }
    },
    "react-is": {
      "version": "17.0.2",
      "resolved": "https://registry.npmjs.org/react-is/-/react-is-17.0.2.tgz",
      "integrity": "sha512-w2GsyukL62IJnlaff/nRegPQR94C/XXamvMWmSHRJ4y7Ts/4ocGRmTHvOs8PSE6pB3dWOrD/nueuU5sduBsQ4w==",
      "dev": true
    },
    "sass-true": {
      "version": "6.0.1",
      "resolved": "https://registry.npmjs.org/sass-true/-/sass-true-6.0.1.tgz",
      "integrity": "sha512-Ow72fStIgw+qRRUc0r77emeWry06a3e1hXtadPEzDL/GFiEjtQKZel5fr+gu85zC8JYmLkZofMn6x9b/sq+wfg==",
      "requires": {
        "chalk": "^4.1.0",
        "css": "^3.0.0",
        "lodash": "^4.17.19"
      }
    },
    "source-map": {
      "version": "0.6.1",
      "resolved": "https://registry.npmjs.org/source-map/-/source-map-0.6.1.tgz",
      "integrity": "sha512-UjgapumWlbMhkBgzT7Ykc5YXUT46F0iKu8SGXq0bcwP5dz/h0Plj6enJqjz1Zbq2l5WaqYnrVbwWOWMyF3F47g=="
    },
    "source-map-resolve": {
      "version": "0.6.0",
      "resolved": "https://registry.npmjs.org/source-map-resolve/-/source-map-resolve-0.6.0.tgz",
      "integrity": "sha512-KXBr9d/fO/bWo97NXsPIAW1bFSBOuCnjbNTBMO7N59hsv5i9yzRDfcYwwt0l04+VqnKC+EwzvJZIP/qkuMgR/w==",
      "requires": {
        "atob": "^2.1.2",
        "decode-uri-component": "^0.2.0"
      }
    },
    "supports-color": {
      "version": "7.2.0",
      "resolved": "https://registry.npmjs.org/supports-color/-/supports-color-7.2.0.tgz",
      "integrity": "sha512-qpCAvRl9stuOHveKsn7HncJRvv501qIacKzQlO/+Lwxc9+0q2wLyv4Dfvt80/DPn2pqOBsJdDiogXGR9+OvwRw==",
      "requires": {
        "has-flag": "^4.0.0"
      }
    }
  }
}
