{
  "name": "@gscottqueen/utils",
  "version": "0.0.3",
  "lockfileVersion": 2,
  "requires": true,
  "packages": {
    "": {
      "name": "@gscottqueen/utils",
      "version": "0.0.3",
      "license": "ISC",
      "dependencies": {
        "@gscottqueen/utils": "file:gscottqueen-utils-0.0.3.tgz",
        "domready": "^1.0.8",
        "object-assign": "^4.1.1",
        "receptor": "^1.0.0",
        "resolve-id-refs": "^0.1.0"
      },
      "devDependencies": {
        "sinon": "13.0.1"
      }
    },
    "node_modules/@gscottqueen/utils": {
      "version": "0.0.3",
      "resolved": "file:gscottqueen-utils-0.0.3.tgz",
      "integrity": "sha512-7i8x2lPMs0UMSirlYlJlXkcqLtTIzLtP+WQtmyY4CPcNerhvMTLIj9+67/uJ8UX0QPLTdPeG3K+r5yPxQJDy9g==",
      "license": "ISC",
      "dependencies": {
        "domready": "^1.0.8",
        "object-assign": "^4.1.1",
        "receptor": "^1.0.0",
        "resolve-id-refs": "^0.1.0"
      }
    },
    "node_modules/@sinonjs/commons": {
      "version": "1.8.3",
      "resolved": "https://registry.npmjs.org/@sinonjs/commons/-/commons-1.8.3.tgz",
      "integrity": "sha512-xkNcLAn/wZaX14RPlwizcKicDk9G3F8m2nU3L7Ukm5zBgTwiT0wsoFAHx9Jq56fJA1z/7uKGtCRu16sOUCLIHQ==",
      "dev": true,
      "dependencies": {
        "type-detect": "4.0.8"
      }
    },
    "node_modules/@sinonjs/fake-timers": {
      "version": "9.1.0",
      "resolved": "https://registry.npmjs.org/@sinonjs/fake-timers/-/fake-timers-9.1.0.tgz",
      "integrity": "sha512-M8vapsv9qQupMdzrVzkn5rb9jG7aUTEPAZdMtME2PuBaefksFZVE2C1g4LBRTkF/k3nRDNbDc5tp5NFC1PEYxA==",
      "dev": true,
      "dependencies": {
        "@sinonjs/commons": "^1.7.0"
      }
    },
    "node_modules/@sinonjs/samsam": {
      "version": "6.1.1",
      "resolved": "https://registry.npmjs.org/@sinonjs/samsam/-/samsam-6.1.1.tgz",
      "integrity": "sha512-cZ7rKJTLiE7u7Wi/v9Hc2fs3Ucc3jrWeMgPHbbTCeVAB2S0wOBbYlkJVeNSL04i7fdhT8wIbDq1zhC/PXTD2SA==",
      "dev": true,
      "dependencies": {
        "@sinonjs/commons": "^1.6.0",
        "lodash.get": "^4.4.2",
        "type-detect": "^4.0.8"
      }
    },
    "node_modules/@sinonjs/text-encoding": {
      "version": "0.7.1",
      "resolved": "https://registry.npmjs.org/@sinonjs/text-encoding/-/text-encoding-0.7.1.tgz",
      "integrity": "sha512-+iTbntw2IZPb/anVDbypzfQa+ay64MW0Zo8aJ8gZPWMMK6/OubMVb6lUPMagqjOPnmtauXnFCACVl3O7ogjeqQ==",
      "dev": true
    },
    "node_modules/diff": {
      "version": "5.0.0",
      "resolved": "https://registry.npmjs.org/diff/-/diff-5.0.0.tgz",
      "integrity": "sha512-/VTCrvm5Z0JGty/BWHljh+BAiw3IK+2j87NGMu8Nwc/f48WoDAC395uomO9ZD117ZOBaHmkX1oyLvkVM/aIT3w==",
      "dev": true,
      "engines": {
        "node": ">=0.3.1"
      }
    },
    "node_modules/domready": {
      "version": "1.0.8",
      "resolved": "https://registry.npmjs.org/domready/-/domready-1.0.8.tgz",
      "integrity": "sha1-kfJS5Ze2Wvd+dFriTdAYXV4m1Yw="
    },
    "node_modules/element-closest": {
      "version": "2.0.2",
      "resolved": "https://registry.npmjs.org/element-closest/-/element-closest-2.0.2.tgz",
      "integrity": "sha1-cqdAoQdFM4LijfnOXbtajfD5Zuw=",
      "engines": {
        "node": ">=4.0.0"
      }
    },
    "node_modules/has-flag": {
      "version": "4.0.0",
      "resolved": "https://registry.npmjs.org/has-flag/-/has-flag-4.0.0.tgz",
      "integrity": "sha512-EykJT/Q1KjTWctppgIAgfSO0tKVuZUjhgMr17kqTumMl6Afv3EISleU7qZUzoXDFTAHTDC4NOoG/ZxU3EvlMPQ==",
      "dev": true,
      "engines": {
        "node": ">=8"
      }
    },
    "node_modules/isarray": {
      "version": "0.0.1",
      "resolved": "https://registry.npmjs.org/isarray/-/isarray-0.0.1.tgz",
      "integrity": "sha1-ihis/Kmo9Bd+Cav8YDiTmwXR7t8=",
      "dev": true
    },
    "node_modules/just-extend": {
      "version": "4.2.1",
      "resolved": "https://registry.npmjs.org/just-extend/-/just-extend-4.2.1.tgz",
      "integrity": "sha512-g3UB796vUFIY90VIv/WX3L2c8CS2MdWUww3CNrYmqza1Fg0DURc2K/O4YrnklBdQarSJ/y8JnJYDGc+1iumQjg==",
      "dev": true
    },
    "node_modules/keyboardevent-key-polyfill": {
      "version": "1.1.0",
      "resolved": "https://registry.npmjs.org/keyboardevent-key-polyfill/-/keyboardevent-key-polyfill-1.1.0.tgz",
      "integrity": "sha1-ijGdjkWhMXL8pWKGNy+QwdTHAUw="
    },
    "node_modules/lodash.get": {
      "version": "4.4.2",
      "resolved": "https://registry.npmjs.org/lodash.get/-/lodash.get-4.4.2.tgz",
      "integrity": "sha1-LRd/ZS+jHpObRDjVNBSZ36OCXpk=",
      "dev": true
    },
    "node_modules/matches-selector": {
      "version": "1.2.0",
      "resolved": "https://registry.npmjs.org/matches-selector/-/matches-selector-1.2.0.tgz",
      "integrity": "sha512-c4vLwYWyl+Ji+U43eU/G5FwxWd4ZH0ePUsFs5y0uwD9HUEFBXUQ1zUUan+78IpRD+y4pUfG0nAzNM292K7ItvA=="
    },
    "node_modules/nise": {
      "version": "5.1.1",
      "resolved": "https://registry.npmjs.org/nise/-/nise-5.1.1.tgz",
      "integrity": "sha512-yr5kW2THW1AkxVmCnKEh4nbYkJdB3I7LUkiUgOvEkOp414mc2UMaHMA7pjq1nYowhdoJZGwEKGaQVbxfpWj10A==",
      "dev": true,
      "dependencies": {
        "@sinonjs/commons": "^1.8.3",
        "@sinonjs/fake-timers": ">=5",
        "@sinonjs/text-encoding": "^0.7.1",
        "just-extend": "^4.0.2",
        "path-to-regexp": "^1.7.0"
      }
    },
    "node_modules/object-assign": {
      "version": "4.1.1",
      "resolved": "https://registry.npmjs.org/object-assign/-/object-assign-4.1.1.tgz",
      "integrity": "sha1-IQmtx5ZYh8/AXLvUQsrIv7s2CGM=",
      "engines": {
        "node": ">=0.10.0"
      }
    },
    "node_modules/path-to-regexp": {
      "version": "1.8.0",
      "resolved": "https://registry.npmjs.org/path-to-regexp/-/path-to-regexp-1.8.0.tgz",
      "integrity": "sha512-n43JRhlUKUAlibEJhPeir1ncUID16QnEjNpwzNdO3Lm4ywrBpBZ5oLD0I6br9evr1Y9JTqwRtAh7JLoOzAQdVA==",
      "dev": true,
      "dependencies": {
        "isarray": "0.0.1"
      }
    },
    "node_modules/receptor": {
      "version": "1.0.0",
      "resolved": "https://registry.npmjs.org/receptor/-/receptor-1.0.0.tgz",
      "integrity": "sha1-v1RHfgOH5Evr84VRILvaWt6gj4s=",
      "dependencies": {
        "element-closest": "^2.0.1",
        "keyboardevent-key-polyfill": "^1.0.2",
        "matches-selector": "^1.0.0",
        "object-assign": "^4.1.0"
      }
    },
    "node_modules/resolve-id-refs": {
      "version": "0.1.0",
      "resolved": "https://registry.npmjs.org/resolve-id-refs/-/resolve-id-refs-0.1.0.tgz",
      "integrity": "sha1-MSZiS4h0idqPwK6IljL4QTrGw+w="
    },
    "node_modules/sinon": {
      "version": "13.0.1",
      "resolved": "https://registry.npmjs.org/sinon/-/sinon-13.0.1.tgz",
      "integrity": "sha512-8yx2wIvkBjIq/MGY1D9h1LMraYW+z1X0mb648KZnKSdvLasvDu7maa0dFaNYdTDczFgbjNw2tOmWdTk9saVfwQ==",
      "dev": true,
      "dependencies": {
        "@sinonjs/commons": "^1.8.3",
        "@sinonjs/fake-timers": "^9.0.0",
        "@sinonjs/samsam": "^6.1.1",
        "diff": "^5.0.0",
        "nise": "^5.1.1",
        "supports-color": "^7.2.0"
      },
      "funding": {
        "type": "opencollective",
        "url": "https://opencollective.com/sinon"
      }
    },
    "node_modules/supports-color": {
      "version": "7.2.0",
      "resolved": "https://registry.npmjs.org/supports-color/-/supports-color-7.2.0.tgz",
      "integrity": "sha512-qpCAvRl9stuOHveKsn7HncJRvv501qIacKzQlO/+Lwxc9+0q2wLyv4Dfvt80/DPn2pqOBsJdDiogXGR9+OvwRw==",
      "dev": true,
      "dependencies": {
        "has-flag": "^4.0.0"
      },
      "engines": {
        "node": ">=8"
      }
    },
    "node_modules/type-detect": {
      "version": "4.0.8",
      "resolved": "https://registry.npmjs.org/type-detect/-/type-detect-4.0.8.tgz",
      "integrity": "sha512-0fr/mIH1dlO+x7TlcMy+bIDqKPsw/70tVyeHW787goQjhmqaZe10uwLujubK9q9Lg6Fiho1KUKDYz0Z7k7g5/g==",
      "dev": true,
      "engines": {
        "node": ">=4"
      }
    }
  },
  "dependencies": {
    "@gscottqueen/utils": {
      "version": "file:gscottqueen-utils-0.0.3.tgz",
      "integrity": "sha512-7i8x2lPMs0UMSirlYlJlXkcqLtTIzLtP+WQtmyY4CPcNerhvMTLIj9+67/uJ8UX0QPLTdPeG3K+r5yPxQJDy9g==",
      "requires": {
        "domready": "^1.0.8",
        "object-assign": "^4.1.1",
        "receptor": "^1.0.0",
        "resolve-id-refs": "^0.1.0"
      }
    },
    "@sinonjs/commons": {
      "version": "1.8.3",
      "resolved": "https://registry.npmjs.org/@sinonjs/commons/-/commons-1.8.3.tgz",
      "integrity": "sha512-xkNcLAn/wZaX14RPlwizcKicDk9G3F8m2nU3L7Ukm5zBgTwiT0wsoFAHx9Jq56fJA1z/7uKGtCRu16sOUCLIHQ==",
      "dev": true,
      "requires": {
        "type-detect": "4.0.8"
      }
    },
    "@sinonjs/fake-timers": {
      "version": "9.1.0",
      "resolved": "https://registry.npmjs.org/@sinonjs/fake-timers/-/fake-timers-9.1.0.tgz",
      "integrity": "sha512-M8vapsv9qQupMdzrVzkn5rb9jG7aUTEPAZdMtME2PuBaefksFZVE2C1g4LBRTkF/k3nRDNbDc5tp5NFC1PEYxA==",
      "dev": true,
      "requires": {
        "@sinonjs/commons": "^1.7.0"
      }
    },
    "@sinonjs/samsam": {
      "version": "6.1.1",
      "resolved": "https://registry.npmjs.org/@sinonjs/samsam/-/samsam-6.1.1.tgz",
      "integrity": "sha512-cZ7rKJTLiE7u7Wi/v9Hc2fs3Ucc3jrWeMgPHbbTCeVAB2S0wOBbYlkJVeNSL04i7fdhT8wIbDq1zhC/PXTD2SA==",
      "dev": true,
      "requires": {
        "@sinonjs/commons": "^1.6.0",
        "lodash.get": "^4.4.2",
        "type-detect": "^4.0.8"
      }
    },
    "@sinonjs/text-encoding": {
      "version": "0.7.1",
      "resolved": "https://registry.npmjs.org/@sinonjs/text-encoding/-/text-encoding-0.7.1.tgz",
      "integrity": "sha512-+iTbntw2IZPb/anVDbypzfQa+ay64MW0Zo8aJ8gZPWMMK6/OubMVb6lUPMagqjOPnmtauXnFCACVl3O7ogjeqQ==",
      "dev": true
    },
    "diff": {
      "version": "5.0.0",
      "resolved": "https://registry.npmjs.org/diff/-/diff-5.0.0.tgz",
      "integrity": "sha512-/VTCrvm5Z0JGty/BWHljh+BAiw3IK+2j87NGMu8Nwc/f48WoDAC395uomO9ZD117ZOBaHmkX1oyLvkVM/aIT3w==",
      "dev": true
    },
    "domready": {
      "version": "1.0.8",
      "resolved": "https://registry.npmjs.org/domready/-/domready-1.0.8.tgz",
      "integrity": "sha1-kfJS5Ze2Wvd+dFriTdAYXV4m1Yw="
    },
    "element-closest": {
      "version": "2.0.2",
      "resolved": "https://registry.npmjs.org/element-closest/-/element-closest-2.0.2.tgz",
      "integrity": "sha1-cqdAoQdFM4LijfnOXbtajfD5Zuw="
    },
    "has-flag": {
      "version": "4.0.0",
      "resolved": "https://registry.npmjs.org/has-flag/-/has-flag-4.0.0.tgz",
      "integrity": "sha512-EykJT/Q1KjTWctppgIAgfSO0tKVuZUjhgMr17kqTumMl6Afv3EISleU7qZUzoXDFTAHTDC4NOoG/ZxU3EvlMPQ==",
      "dev": true
    },
    "isarray": {
      "version": "0.0.1",
      "resolved": "https://registry.npmjs.org/isarray/-/isarray-0.0.1.tgz",
      "integrity": "sha1-ihis/Kmo9Bd+Cav8YDiTmwXR7t8=",
      "dev": true
    },
    "just-extend": {
      "version": "4.2.1",
      "resolved": "https://registry.npmjs.org/just-extend/-/just-extend-4.2.1.tgz",
      "integrity": "sha512-g3UB796vUFIY90VIv/WX3L2c8CS2MdWUww3CNrYmqza1Fg0DURc2K/O4YrnklBdQarSJ/y8JnJYDGc+1iumQjg==",
      "dev": true
    },
    "keyboardevent-key-polyfill": {
      "version": "1.1.0",
      "resolved": "https://registry.npmjs.org/keyboardevent-key-polyfill/-/keyboardevent-key-polyfill-1.1.0.tgz",
      "integrity": "sha1-ijGdjkWhMXL8pWKGNy+QwdTHAUw="
    },
    "lodash.get": {
      "version": "4.4.2",
      "resolved": "https://registry.npmjs.org/lodash.get/-/lodash.get-4.4.2.tgz",
      "integrity": "sha1-LRd/ZS+jHpObRDjVNBSZ36OCXpk=",
      "dev": true
    },
    "matches-selector": {
      "version": "1.2.0",
      "resolved": "https://registry.npmjs.org/matches-selector/-/matches-selector-1.2.0.tgz",
      "integrity": "sha512-c4vLwYWyl+Ji+U43eU/G5FwxWd4ZH0ePUsFs5y0uwD9HUEFBXUQ1zUUan+78IpRD+y4pUfG0nAzNM292K7ItvA=="
    },
    "nise": {
      "version": "5.1.1",
      "resolved": "https://registry.npmjs.org/nise/-/nise-5.1.1.tgz",
      "integrity": "sha512-yr5kW2THW1AkxVmCnKEh4nbYkJdB3I7LUkiUgOvEkOp414mc2UMaHMA7pjq1nYowhdoJZGwEKGaQVbxfpWj10A==",
      "dev": true,
      "requires": {
        "@sinonjs/commons": "^1.8.3",
        "@sinonjs/fake-timers": ">=5",
        "@sinonjs/text-encoding": "^0.7.1",
        "just-extend": "^4.0.2",
        "path-to-regexp": "^1.7.0"
      }
    },
    "object-assign": {
      "version": "4.1.1",
      "resolved": "https://registry.npmjs.org/object-assign/-/object-assign-4.1.1.tgz",
      "integrity": "sha1-IQmtx5ZYh8/AXLvUQsrIv7s2CGM="
    },
    "path-to-regexp": {
      "version": "1.8.0",
      "resolved": "https://registry.npmjs.org/path-to-regexp/-/path-to-regexp-1.8.0.tgz",
      "integrity": "sha512-n43JRhlUKUAlibEJhPeir1ncUID16QnEjNpwzNdO3Lm4ywrBpBZ5oLD0I6br9evr1Y9JTqwRtAh7JLoOzAQdVA==",
      "dev": true,
      "requires": {
        "isarray": "0.0.1"
      }
    },
    "receptor": {
      "version": "1.0.0",
      "resolved": "https://registry.npmjs.org/receptor/-/receptor-1.0.0.tgz",
      "integrity": "sha1-v1RHfgOH5Evr84VRILvaWt6gj4s=",
      "requires": {
        "element-closest": "^2.0.1",
        "keyboardevent-key-polyfill": "^1.0.2",
        "matches-selector": "^1.0.0",
        "object-assign": "^4.1.0"
      }
    },
    "resolve-id-refs": {
      "version": "0.1.0",
      "resolved": "https://registry.npmjs.org/resolve-id-refs/-/resolve-id-refs-0.1.0.tgz",
      "integrity": "sha1-MSZiS4h0idqPwK6IljL4QTrGw+w="
    },
    "sinon": {
      "version": "13.0.1",
      "resolved": "https://registry.npmjs.org/sinon/-/sinon-13.0.1.tgz",
      "integrity": "sha512-8yx2wIvkBjIq/MGY1D9h1LMraYW+z1X0mb648KZnKSdvLasvDu7maa0dFaNYdTDczFgbjNw2tOmWdTk9saVfwQ==",
      "dev": true,
      "requires": {
        "@sinonjs/commons": "^1.8.3",
        "@sinonjs/fake-timers": "^9.0.0",
        "@sinonjs/samsam": "^6.1.1",
        "diff": "^5.0.0",
        "nise": "^5.1.1",
        "supports-color": "^7.2.0"
      }
    },
    "supports-color": {
      "version": "7.2.0",
      "resolved": "https://registry.npmjs.org/supports-color/-/supports-color-7.2.0.tgz",
      "integrity": "sha512-qpCAvRl9stuOHveKsn7HncJRvv501qIacKzQlO/+Lwxc9+0q2wLyv4Dfvt80/DPn2pqOBsJdDiogXGR9+OvwRw==",
      "dev": true,
      "requires": {
        "has-flag": "^4.0.0"
      }
    },
    "type-detect": {
      "version": "4.0.8",
      "resolved": "https://registry.npmjs.org/type-detect/-/type-detect-4.0.8.tgz",
      "integrity": "sha512-0fr/mIH1dlO+x7TlcMy+bIDqKPsw/70tVyeHW787goQjhmqaZe10uwLujubK9q9Lg6Fiho1KUKDYz0Z7k7g5/g==",
      "dev": true
    }
  }
}
